// !$*UTF8*$!
{
	archiveVersion = 1;
	classes = {
	};
	objectVersion = 50;
	objects = {

/* Begin PBXBuildFile section */
		454AF955265F5A340085E8FF /* SwiftUITodoApp.swift in Sources */ = {isa = PBXBuildFile; fileRef = 454AF954265F5A340085E8FF /* SwiftUITodoApp.swift */; };
		454AF957265F5A340085E8FF /* ContentView.swift in Sources */ = {isa = PBXBuildFile; fileRef = 454AF956265F5A340085E8FF /* ContentView.swift */; };
		454AF959265F5A370085E8FF /* Assets.xcassets in Resources */ = {isa = PBXBuildFile; fileRef = 454AF958265F5A370085E8FF /* Assets.xcassets */; };
		454AF95C265F5A370085E8FF /* Preview Assets.xcassets in Resources */ = {isa = PBXBuildFile; fileRef = 454AF95B265F5A370085E8FF /* Preview Assets.xcassets */; };
		454AF95E265F5A370085E8FF /* Persistence.swift in Sources */ = {isa = PBXBuildFile; fileRef = 454AF95D265F5A370085E8FF /* Persistence.swift */; };
		454AF961265F5A370085E8FF /* SwiftUITodo.xcdatamodeld in Sources */ = {isa = PBXBuildFile; fileRef = 454AF95F265F5A370085E8FF /* SwiftUITodo.xcdatamodeld */; };
		454AF969265F5BD30085E8FF /* CategoryImage.swift in Sources */ = {isa = PBXBuildFile; fileRef = 454AF968265F5BD30085E8FF /* CategoryImage.swift */; };
		454AF96B265F5FDC0085E8FF /* CheckBox.swift in Sources */ = {isa = PBXBuildFile; fileRef = 454AF96A265F5FDC0085E8FF /* CheckBox.swift */; };
		454AF96E265F745F0085E8FF /* Color+Extension.swift in Sources */ = {isa = PBXBuildFile; fileRef = 454AF96D265F745F0085E8FF /* Color+Extension.swift */; };
		454AF970265F75440085E8FF /* UserView.swift in Sources */ = {isa = PBXBuildFile; fileRef = 454AF96F265F75440085E8FF /* UserView.swift */; };
		454AF972265F7AED0085E8FF /* TodoEntity+Extension.swift in Sources */ = {isa = PBXBuildFile; fileRef = 454AF971265F7AED0085E8FF /* TodoEntity+Extension.swift */; };
/* End PBXBuildFile section */

/* Begin PBXFileReference section */
		454AF951265F5A340085E8FF /* SwiftUITodo.app */ = {isa = PBXFileReference; explicitFileType = wrapper.application; includeInIndex = 0; path = SwiftUITodo.app; sourceTree = BUILT_PRODUCTS_DIR; };
		454AF954265F5A340085E8FF /* SwiftUITodoApp.swift */ = {isa = PBXFileReference; lastKnownFileType = sourcecode.swift; path = SwiftUITodoApp.swift; sourceTree = "<group>"; };
		454AF956265F5A340085E8FF /* ContentView.swift */ = {isa = PBXFileReference; lastKnownFileType = sourcecode.swift; path = ContentView.swift; sourceTree = "<group>"; };
		454AF958265F5A370085E8FF /* Assets.xcassets */ = {isa = PBXFileReference; lastKnownFileType = folder.assetcatalog; path = Assets.xcassets; sourceTree = "<group>"; };
		454AF95B265F5A370085E8FF /* Preview Assets.xcassets */ = {isa = PBXFileReference; lastKnownFileType = folder.assetcatalog; path = "Preview Assets.xcassets"; sourceTree = "<group>"; };
		454AF95D265F5A370085E8FF /* Persistence.swift */ = {isa = PBXFileReference; lastKnownFileType = sourcecode.swift; path = Persistence.swift; sourceTree = "<group>"; };
		454AF960265F5A370085E8FF /* SwiftUITodo.xcdatamodel */ = {isa = PBXFileReference; lastKnownFileType = wrapper.xcdatamodel; path = SwiftUITodo.xcdatamodel; sourceTree = "<group>"; };
		454AF962265F5A370085E8FF /* Info.plist */ = {isa = PBXFileReference; lastKnownFileType = text.plist.xml; path = Info.plist; sourceTree = "<group>"; };
		454AF968265F5BD30085E8FF /* CategoryImage.swift */ = {isa = PBXFileReference; lastKnownFileType = sourcecode.swift; path = CategoryImage.swift; sourceTree = "<group>"; };
		454AF96A265F5FDC0085E8FF /* CheckBox.swift */ = {isa = PBXFileReference; lastKnownFileType = sourcecode.swift; path = CheckBox.swift; sourceTree = "<group>"; };
		454AF96D265F745F0085E8FF /* Color+Extension.swift */ = {isa = PBXFileReference; lastKnownFileType = sourcecode.swift; path = "Color+Extension.swift"; sourceTree = "<group>"; };
		454AF96F265F75440085E8FF /* UserView.swift */ = {isa = PBXFileReference; lastKnownFileType = sourcecode.swift; path = UserView.swift; sourceTree = "<group>"; };
		454AF971265F7AED0085E8FF /* TodoEntity+Extension.swift */ = {isa = PBXFileReference; lastKnownFileType = sourcecode.swift; path = "TodoEntity+Extension.swift"; sourceTree = "<group>"; };
/* End PBXFileReference section */

/* Begin PBXFrameworksBuildPhase section */
		454AF94E265F5A340085E8FF /* Frameworks */ = {
			isa = PBXFrameworksBuildPhase;
			buildActionMask = 2147483647;
			files = (
			);
			runOnlyForDeploymentPostprocessing = 0;
		};
/* End PBXFrameworksBuildPhase section */

/* Begin PBXGroup section */
		454AF948265F5A340085E8FF = {
			isa = PBXGroup;
			children = (
				454AF953265F5A340085E8FF /* SwiftUITodo */,
				454AF952265F5A340085E8FF /* Products */,
			);
			sourceTree = "<group>";
		};
		454AF952265F5A340085E8FF /* Products */ = {
			isa = PBXGroup;
			children = (
				454AF951265F5A340085E8FF /* SwiftUITodo.app */,
			);
			name = Products;
			sourceTree = "<group>";
		};
		454AF953265F5A340085E8FF /* SwiftUITodo */ = {
			isa = PBXGroup;
			children = (
				454AF96C265F74380085E8FF /* Extension */,
				454AF954265F5A340085E8FF /* SwiftUITodoApp.swift */,
				454AF956265F5A340085E8FF /* ContentView.swift */,
				454AF968265F5BD30085E8FF /* CategoryImage.swift */,
				454AF96A265F5FDC0085E8FF /* CheckBox.swift */,
				454AF96F265F75440085E8FF /* UserView.swift */,
				454AF958265F5A370085E8FF /* Assets.xcassets */,
				454AF95D265F5A370085E8FF /* Persistence.swift */,
				454AF962265F5A370085E8FF /* Info.plist */,
				454AF95F265F5A370085E8FF /* SwiftUITodo.xcdatamodeld */,
				454AF95A265F5A370085E8FF /* Preview Content */,
			);
			path = SwiftUITodo;
			sourceTree = "<group>";
		};
		454AF95A265F5A370085E8FF /* Preview Content */ = {
			isa = PBXGroup;
			children = (
				454AF95B265F5A370085E8FF /* Preview Assets.xcassets */,
			);
			path = "Preview Content";
			sourceTree = "<group>";
		};
		454AF96C265F74380085E8FF /* Extension */ = {
			isa = PBXGroup;
			children = (
				454AF96D265F745F0085E8FF /* Color+Extension.swift */,
				454AF971265F7AED0085E8FF /* TodoEntity+Extension.swift */,
			);
			path = Extension;
			sourceTree = "<group>";
		};
/* End PBXGroup section */

/* Begin PBXNativeTarget section */
		454AF950265F5A340085E8FF /* SwiftUITodo */ = {
			isa = PBXNativeTarget;
			buildConfigurationList = 454AF965265F5A370085E8FF /* Build configuration list for PBXNativeTarget "SwiftUITodo" */;
			buildPhases = (
				454AF94D265F5A340085E8FF /* Sources */,
				454AF94E265F5A340085E8FF /* Frameworks */,
				454AF94F265F5A340085E8FF /* Resources */,
			);
			buildRules = (
			);
			dependencies = (
			);
			name = SwiftUITodo;
			productName = SwiftUITodo;
			productReference = 454AF951265F5A340085E8FF /* SwiftUITodo.app */;
			productType = "com.apple.product-type.application";
		};
/* End PBXNativeTarget section */

/* Begin PBXProject section */
		454AF949265F5A340085E8FF /* Project object */ = {
			isa = PBXProject;
			attributes = {
				LastSwiftUpdateCheck = 1250;
				LastUpgradeCheck = 1250;
				TargetAttributes = {
					454AF950265F5A340085E8FF = {
						CreatedOnToolsVersion = 12.5;
					};
				};
			};
			buildConfigurationList = 454AF94C265F5A340085E8FF /* Build configuration list for PBXProject "SwiftUITodo" */;
			compatibilityVersion = "Xcode 9.3";
			developmentRegion = en;
			hasScannedForEncodings = 0;
			knownRegions = (
				en,
				Base,
			);
			mainGroup = 454AF948265F5A340085E8FF;
			productRefGroup = 454AF952265F5A340085E8FF /* Products */;
			projectDirPath = "";
			projectRoot = "";
			targets = (
				454AF950265F5A340085E8FF /* SwiftUITodo */,
			);
		};
/* End PBXProject section */

/* Begin PBXResourcesBuildPhase section */
		454AF94F265F5A340085E8FF /* Resources */ = {
			isa = PBXResourcesBuildPhase;
			buildActionMask = 2147483647;
			files = (
				454AF95C265F5A370085E8FF /* Preview Assets.xcassets in Resources */,
				454AF959265F5A370085E8FF /* Assets.xcassets in Resources */,
			);
			runOnlyForDeploymentPostprocessing = 0;
		};
/* End PBXResourcesBuildPhase section */

/* Begin PBXSourcesBuildPhase section */
		454AF94D265F5A340085E8FF /* Sources */ = {
			isa = PBXSourcesBuildPhase;
			buildActionMask = 2147483647;
			files = (
				454AF95E265F5A370085E8FF /* Persistence.swift in Sources */,
				454AF961265F5A370085E8FF /* SwiftUITodo.xcdatamodeld in Sources */,
				454AF96B265F5FDC0085E8FF /* CheckBox.swift in Sources */,
				454AF970265F75440085E8FF /* UserView.swift in Sources */,
				454AF957265F5A340085E8FF /* ContentView.swift in Sources */,
				454AF969265F5BD30085E8FF /* CategoryImage.swift in Sources */,
				454AF955265F5A340085E8FF /* SwiftUITodoApp.swift in Sources */,
				454AF972265F7AED0085E8FF /* TodoEntity+Extension.swift in Sources */,
				454AF96E265F745F0085E8FF /* Color+Extension.swift in Sources */,
			);
			runOnlyForDeploymentPostprocessing = 0;
		};
/* End PBXSourcesBuildPhase section */

/* Begin XCBuildConfiguration section */
		454AF963265F5A370085E8FF /* Debug */ = {
			isa = XCBuildConfiguration;
			buildSettings = {
				ALWAYS_SEARCH_USER_PATHS = NO;
				CLANG_ANALYZER_NONNULL = YES;
				CLANG_ANALYZER_NUMBER_OBJECT_CONVERSION = YES_AGGRESSIVE;
				CLANG_CXX_LANGUAGE_STANDARD = "gnu++14";
				CLANG_CXX_LIBRARY = "libc++";
				CLANG_ENABLE_MODULES = YES;
				CLANG_ENABLE_OBJC_ARC = YES;
				CLANG_ENABLE_OBJC_WEAK = YES;
				CLANG_WARN_BLOCK_CAPTURE_AUTORELEASING = YES;
				CLANG_WARN_BOOL_CONVERSION = YES;
				CLANG_WARN_COMMA = YES;
				CLANG_WARN_CONSTANT_CONVERSION = YES;
				CLANG_WARN_DEPRECATED_OBJC_IMPLEMENTATIONS = YES;
				CLANG_WARN_DIRECT_OBJC_ISA_USAGE = YES_ERROR;
				CLANG_WARN_DOCUMENTATION_COMMENTS = YES;
				CLANG_WARN_EMPTY_BODY = YES;
				CLANG_WARN_ENUM_CONVERSION = YES;
				CLANG_WARN_INFINITE_RECURSION = YES;
				CLANG_WARN_INT_CONVERSION = YES;
				CLANG_WARN_NON_LITERAL_NULL_CONVERSION = YES;
				CLANG_WARN_OBJC_IMPLICIT_RETAIN_SELF = YES;
				CLANG_WARN_OBJC_LITERAL_CONVERSION = YES;
				CLANG_WARN_OBJC_ROOT_CLASS = YES_ERROR;
				CLANG_WARN_QUOTED_INCLUDE_IN_FRAMEWORK_HEADER = YES;
				CLANG_WARN_RANGE_LOOP_ANALYSIS = YES;
				CLANG_WARN_STRICT_PROTOTYPES = YES;
				CLANG_WARN_SUSPICIOUS_MOVE = YES;
				CLANG_WARN_UNGUARDED_AVAILABILITY = YES_AGGRESSIVE;
				CLANG_WARN_UNREACHABLE_CODE = YES;
				CLANG_WARN__DUPLICATE_METHOD_MATCH = YES;
				COPY_PHASE_STRIP = NO;
				DEBUG_INFORMATION_FORMAT = dwarf;
				ENABLE_STRICT_OBJC_MSGSEND = YES;
				ENABLE_TESTABILITY = YES;
				GCC_C_LANGUAGE_STANDARD = gnu11;
				GCC_DYNAMIC_NO_PIC = NO;
				GCC_NO_COMMON_BLOCKS = YES;
				GCC_OPTIMIZATION_LEVEL = 0;
				GCC_PREPROCESSOR_DEFINITIONS = (
					"DEBUG=1",
					"$(inherited)",
				);
				GCC_WARN_64_TO_32_BIT_CONVERSION = YES;
				GCC_WARN_ABOUT_RETURN_TYPE = YES_ERROR;
				GCC_WARN_UNDECLARED_SELECTOR = YES;
				GCC_WARN_UNINITIALIZED_AUTOS = YES_AGGRESSIVE;
				GCC_WARN_UNUSED_FUNCTION = YES;
				GCC_WARN_UNUSED_VARIABLE = YES;
				IPHONEOS_DEPLOYMENT_TARGET = 14.5;
				MTL_ENABLE_DEBUG_INFO = INCLUDE_SOURCE;
				MTL_FAST_MATH = YES;
				ONLY_ACTIVE_ARCH = YES;
				SDKROOT = iphoneos;
				SWIFT_ACTIVE_COMPILATION_CONDITIONS = DEBUG;
				SWIFT_OPTIMIZATION_LEVEL = "-Onone";
			};
			name = Debug;
		};
		454AF964265F5A370085E8FF /* Release */ = {
			isa = XCBuildConfiguration;
			buildSettings = {
				ALWAYS_SEARCH_USER_PATHS = NO;
				CLANG_ANALYZER_NONNULL = YES;
				CLANG_ANALYZER_NUMBER_OBJECT_CONVERSION = YES_AGGRESSIVE;
				CLANG_CXX_LANGUAGE_STANDARD = "gnu++14";
				CLANG_CXX_LIBRARY = "libc++";
				CLANG_ENABLE_MODULES = YES;
				CLANG_ENABLE_OBJC_ARC = YES;
				CLANG_ENABLE_OBJC_WEAK = YES;
				CLANG_WARN_BLOCK_CAPTURE_AUTORELEASING = YES;
				CLANG_WARN_BOOL_CONVERSION = YES;
				CLANG_WARN_COMMA = YES;
				CLANG_WARN_CONSTANT_CONVERSION = YES;
				CLANG_WARN_DEPRECATED_OBJC_IMPLEMENTATIONS = YES;
				CLANG_WARN_DIRECT_OBJC_ISA_USAGE = YES_ERROR;
				CLANG_WARN_DOCUMENTATION_COMMENTS = YES;
				CLANG_WARN_EMPTY_BODY = YES;
				CLANG_WARN_ENUM_CONVERSION = YES;
				CLANG_WARN_INFINITE_RECURSION = YES;
				CLANG_WARN_INT_CONVERSION = YES;
				CLANG_WARN_NON_LITERAL_NULL_CONVERSION = YES;
				CLANG_WARN_OBJC_IMPLICIT_RETAIN_SELF = YES;
				CLANG_WARN_OBJC_LITERAL_CONVERSION = YES;
				CLANG_WARN_OBJC_ROOT_CLASS = YES_ERROR;
				CLANG_WARN_QUOTED_INCLUDE_IN_FRAMEWORK_HEADER = YES;
				CLANG_WARN_RANGE_LOOP_ANALYSIS = YES;
				CLANG_WARN_STRICT_PROTOTYPES = YES;
				CLANG_WARN_SUSPICIOUS_MOVE = YES;
				CLANG_WARN_UNGUARDED_AVAILABILITY = YES_AGGRESSIVE;
				CLANG_WARN_UNREACHABLE_CODE = YES;
				CLANG_WARN__DUPLICATE_METHOD_MATCH = YES;
				COPY_PHASE_STRIP = NO;
				DEBUG_INFORMATION_FORMAT = "dwarf-with-dsym";
				ENABLE_NS_ASSERTIONS = NO;
				ENABLE_STRICT_OBJC_MSGSEND = YES;
				GCC_C_LANGUAGE_STANDARD = gnu11;
				GCC_NO_COMMON_BLOCKS = YES;
				GCC_WARN_64_TO_32_BIT_CONVERSION = YES;
				GCC_WARN_ABOUT_RETURN_TYPE = YES_ERROR;
				GCC_WARN_UNDECLARED_SELECTOR = YES;
				GCC_WARN_UNINITIALIZED_AUTOS = YES_AGGRESSIVE;
				GCC_WARN_UNUSED_FUNCTION = YES;
				GCC_WARN_UNUSED_VARIABLE = YES;
				IPHONEOS_DEPLOYMENT_TARGET = 14.5;
				MTL_ENABLE_DEBUG_INFO = NO;
				MTL_FAST_MATH = YES;
				SDKROOT = iphoneos;
				SWIFT_COMPILATION_MODE = wholemodule;
				SWIFT_OPTIMIZATION_LEVEL = "-O";
				VALIDATE_PRODUCT = YES;
			};
			name = Release;
		};
		454AF966265F5A370085E8FF /* Debug */ = {
			isa = XCBuildConfiguration;
			buildSettings = {
				ASSETCATALOG_COMPILER_APPICON_NAME = AppIcon;
				ASSETCATALOG_COMPILER_GLOBAL_ACCENT_COLOR_NAME = AccentColor;
				CODE_SIGN_STYLE = Automatic;
				DEVELOPMENT_ASSET_PATHS = "\"SwiftUITodo/Preview Content\"";
				DEVELOPMENT_TEAM = V824KBPADP;
				ENABLE_PREVIEWS = YES;
				INFOPLIST_FILE = SwiftUITodo/Info.plist;
				IPHONEOS_DEPLOYMENT_TARGET = 14.0;
				LD_RUNPATH_SEARCH_PATHS = (
					"$(inherited)",
					"@executable_path/Frameworks",
				);
				PRODUCT_BUNDLE_IDENTIFIER = com.endoseiya.SwiftUITodo;
				PRODUCT_NAME = "$(TARGET_NAME)";
				SWIFT_VERSION = 5.0;
				TARGETED_DEVICE_FAMILY = "1,2";
			};
			name = Debug;
		};
		454AF967265F5A370085E8FF /* Release */ = {
			isa = XCBuildConfiguration;
			buildSettings = {
				ASSETCATALOG_COMPILER_APPICON_NAME = AppIcon;
				ASSETCATALOG_COMPILER_GLOBAL_ACCENT_COLOR_NAME = AccentColor;
				CODE_SIGN_STYLE = Automatic;
				DEVELOPMENT_ASSET_PATHS = "\"SwiftUITodo/Preview Content\"";
				DEVELOPMENT_TEAM = V824KBPADP;
				ENABLE_PREVIEWS = YES;
				INFOPLIST_FILE = SwiftUITodo/Info.plist;
				IPHONEOS_DEPLOYMENT_TARGET = 14.0;
				LD_RUNPATH_SEARCH_PATHS = (
					"$(inherited)",
					"@executable_path/Frameworks",
				);
				PRODUCT_BUNDLE_IDENTIFIER = com.endoseiya.SwiftUITodo;
				PRODUCT_NAME = "$(TARGET_NAME)";
				SWIFT_VERSION = 5.0;
				TARGETED_DEVICE_FAMILY = "1,2";
			};
			name = Release;
		};
/* End XCBuildConfiguration section */

/* Begin XCConfigurationList section */
		454AF94C265F5A340085E8FF /* Build configuration list for PBXProject "SwiftUITodo" */ = {
			isa = XCConfigurationList;
			buildConfigurations = (
				454AF963265F5A370085E8FF /* Debug */,
				454AF964265F5A370085E8FF /* Release */,
			);
			defaultConfigurationIsVisible = 0;
			defaultConfigurationName = Release;
		};
		454AF965265F5A370085E8FF /* Build configuration list for PBXNativeTarget "SwiftUITodo" */ = {
			isa = XCConfigurationList;
			buildConfigurations = (
				454AF966265F5A370085E8FF /* Debug */,
				454AF967265F5A370085E8FF /* Release */,
			);
			defaultConfigurationIsVisible = 0;
			defaultConfigurationName = Release;
		};
/* End XCConfigurationList section */

/* Begin XCVersionGroup section */
		454AF95F265F5A370085E8FF /* SwiftUITodo.xcdatamodeld */ = {
			isa = XCVersionGroup;
			children = (
				454AF960265F5A370085E8FF /* SwiftUITodo.xcdatamodel */,
			);
			currentVersion = 454AF960265F5A370085E8FF /* SwiftUITodo.xcdatamodel */;
			path = SwiftUITodo.xcdatamodeld;
			sourceTree = "<group>";
			versionGroupType = wrapper.xcdatamodel;
		};
/* End XCVersionGroup section */
	};
	rootObject = 454AF949265F5A340085E8FF /* Project object */;
}
